
Microsoft Visual Studio Solution File, Format Version 12.00
# Visual Studio Version 17
VisualStudioVersion = 17.11.35208.52
MinimumVisualStudioVersion = 10.0.40219.1
Project("{FAE04EC0-301F-11D3-BF4B-00C04F79EFBC}") = "CERandomizer", "CERandomizer.csproj", "{AE141C00-33F0-4032-BB5C-DDC3DC0ABF54}"
EndProject
Global
	GlobalSection(SolutionConfigurationPlatforms) = preSolution
		Debug|Any CPU = Debug|Any CPU
		Release|Any CPU = Release|Any CPU
	EndGlobalSection
	GlobalSection(ProjectConfigurationPlatforms) = postSolution
		{AE141C00-33F0-4032-BB5C-DDC3DC0ABF54}.Debug|Any CPU.ActiveCfg = Debug|Any CPU
		{AE141C00-33F0-4032-BB5C-DDC3DC0ABF54}.Debug|Any CPU.Build.0 = Debug|Any CPU
		{AE141C00-33F0-4032-BB5C-DDC3DC0ABF54}.Release|Any CPU.ActiveCfg = Release|Any CPU
		{AE141C00-33F0-4032-BB5C-DDC3DC0ABF54}.Release|Any CPU.Build.0 = Release|Any CPU
	EndGlobalSection
	GlobalSection(SolutionProperties) = preSolution
		HideSolutionNode = FALSE
	EndGlobalSection
	GlobalSection(ExtensibilityGlobals) = postSolution
		SolutionGuid = {0A505A0B-92EB-4662-A652-23C70E5AA226}
	EndGlobalSection
EndGlobal
